<?xml version="1.0" encoding="utf-8"?>
<Project ToolsVersion="4.0" xmlns="http://schemas.microsoft.com/developer/msbuild/2003">
  <ItemGroup>
    <Filter Include="Source Files">
      <UniqueIdentifier>{4FC737F1-C7A5-4376-A066-2A32D752A2FF}</UniqueIdentifier>
      <Extensions>cpp;c;cc;cxx;def;odl;idl;hpj;bat;asm;asmx</Extensions>
    </Filter>
    <Filter Include="Header Files">
      <UniqueIdentifier>{93995380-89BD-4b04-88EB-625FBE52EBFB}</UniqueIdentifier>
      <Extensions>h;hh;hpp;hxx;hm;inl;inc;xsd</Extensions>
    </Filter>
    <Filter Include="Resource Files">
      <UniqueIdentifier>{67DA6AB6-F800-4c08-8B7A-83BB121AAD01}</UniqueIdentifier>
      <Extensions>rc;ico;cur;bmp;dlg;rc2;rct;bin;rgs;gif;jpg;jpeg;jpe;resx;tiff;tif;png;wav;mfcribbon-ms</Extensions>
    </Filter>
    <Filter Include="Header Files\ProblemSet">
      <UniqueIdentifier>{0cb00157-12d9-416a-a5bd-92c78076fc33}</UniqueIdentifier>
    </Filter>
    <Filter Include="Header Files\RelyOn">
      <UniqueIdentifier>{7f7f0b8b-096b-419c-9e31-2c0ec5a94950}</UniqueIdentifier>
    </Filter>
    <Filter Include="Source Files\RelyOn">
      <UniqueIdentifier>{8cf6f33e-21f4-4134-888d-0f846aac576e}</UniqueIdentifier>
    </Filter>
  </ItemGroup>
  <ItemGroup>
    <ClInclude Include="RelyOn.h">
      <Filter>Header Files</Filter>
    </ClInclude>
    <ClInclude Include="ProblemSet\MaxDepthOfBinaryTree.h">
      <Filter>Header Files\ProblemSet</Filter>
    </ClInclude>
    <ClInclude Include="ProblemSet\MaxPointsOnALine.h">
      <Filter>Header Files\ProblemSet</Filter>
    </ClInclude>
    <ClInclude Include="ProblemSet\ProductExceptSelf.h">
      <Filter>Header Files\ProblemSet</Filter>
    </ClInclude>
    <ClInclude Include="ProblemSet\SkyLine.h">
      <Filter>Header Files\ProblemSet</Filter>
    </ClInclude>
    <ClInclude Include="ProblemSet.h">
      <Filter>Header Files</Filter>
    </ClInclude>
    <ClInclude Include="ProblemSet\MinStack.h">
      <Filter>Header Files\ProblemSet</Filter>
    </ClInclude>
    <ClInclude Include="ProblemSet\FirstBadVersion.h">
      <Filter>Header Files\ProblemSet</Filter>
    </ClInclude>
    <ClInclude Include="ProblemSet\CompareVersionNumbers.h">
      <Filter>Header Files\ProblemSet</Filter>
    </ClInclude>
    <ClInclude Include="RelyOn\cTerminal.h">
      <Filter>Header Files\RelyOn</Filter>
    </ClInclude>
    <ClInclude Include="RelyOn\cSolutionContainer.h">
      <Filter>Header Files\RelyOn</Filter>
    </ClInclude>
    <ClInclude Include="RelyOn\StdHeader.h">
      <Filter>Header Files\RelyOn</Filter>
    </ClInclude>
  </ItemGroup>
  <ItemGroup>
    <ClCompile Include="Leetcode_Main.cpp">
      <Filter>Source Files</Filter>
    </ClCompile>
    <ClCompile Include="RelyOn\cTerminal.cpp">
      <Filter>Source Files\RelyOn</Filter>
    </ClCompile>
    <ClCompile Include="RelyOn\cSolutionContainer.cpp">
      <Filter>Source Files\RelyOn</Filter>
    </ClCompile>
  </ItemGroup>
</Project>